// !$*UTF8*$!
{
	archiveVersion = 1;
	classes = {
	};
	objectVersion = 55;
	objects = {

/* Begin PBXBuildFile section */
		D8A8FFDB28B49430006B6C20 /* main.cpp in Sources */ = {isa = PBXBuildFile; fileRef = D8A8FFDA28B49430006B6C20 /* main.cpp */; };
		D8A8FFE928B495EB006B6C20 /* student.cpp in Sources */ = {isa = PBXBuildFile; fileRef = D8A8FFE628B495EB006B6C20 /* student.cpp */; };
		D8A8FFEA28B495EB006B6C20 /* roster.cpp in Sources */ = {isa = PBXBuildFile; fileRef = D8A8FFE828B495EB006B6C20 /* roster.cpp */; };
/* End PBXBuildFile section */

/* Begin PBXCopyFilesBuildPhase section */
		D8A8FFD528B49430006B6C20 /* CopyFiles */ = {
			isa = PBXCopyFilesBuildPhase;
			buildActionMask = 2147483647;
			dstPath = /usr/share/man/man1/;
			dstSubfolderSpec = 0;
			files = (
			);
			runOnlyForDeploymentPostprocessing = 1;
		};
/* End PBXCopyFilesBuildPhase section */

/* Begin PBXFileReference section */
		D8A8FFD728B49430006B6C20 /* hopethisworks */ = {isa = PBXFileReference; explicitFileType = "compiled.mach-o.executable"; includeInIndex = 0; path = hopethisworks; sourceTree = BUILT_PRODUCTS_DIR; };
		D8A8FFDA28B49430006B6C20 /* main.cpp */ = {isa = PBXFileReference; lastKnownFileType = sourcecode.cpp.cpp; path = main.cpp; sourceTree = "<group>"; };
		D8A8FFE428B49588006B6C20 /* degree.h */ = {isa = PBXFileReference; fileEncoding = 4; lastKnownFileType = sourcecode.c.h; name = degree.h; path = "../../../WGU/C++/FirstWorkspace/wgu/degree.h"; sourceTree = "<group>"; };
		D8A8FFE528B495A6006B6C20 /* roster.h */ = {isa = PBXFileReference; fileEncoding = 4; lastKnownFileType = sourcecode.c.h; name = roster.h; path = "../../../WGU/C++/FirstWorkspace/wgu/roster.h"; sourceTree = "<group>"; };
		D8A8FFE628B495EB006B6C20 /* student.cpp */ = {isa = PBXFileReference; fileEncoding = 4; lastKnownFileType = sourcecode.cpp.cpp; name = student.cpp; path = "../../../WGU/C++/FirstWorkspace/wgu/student.cpp"; sourceTree = "<group>"; };
		D8A8FFE728B495EB006B6C20 /* student.h */ = {isa = PBXFileReference; fileEncoding = 4; lastKnownFileType = sourcecode.c.h; name = student.h; path = "../../../WGU/C++/FirstWorkspace/wgu/student.h"; sourceTree = "<group>"; };
		D8A8FFE828B495EB006B6C20 /* roster.cpp */ = {isa = PBXFileReference; explicitFileType = sourcecode.cpp.cpp; fileEncoding = 4; name = roster.cpp; path = "../../../WGU/C++/FirstWorkspace/wgu/roster.cpp"; sourceTree = "<group>"; };
/* End PBXFileReference section */

/* Begin PBXFrameworksBuildPhase section */
		D8A8FFD428B49430006B6C20 /* Frameworks */ = {
			isa = PBXFrameworksBuildPhase;
			buildActionMask = 2147483647;
			files = (
			);
			runOnlyForDeploymentPostprocessing = 0;
		};
/* End PBXFrameworksBuildPhase section */

/* Begin PBXGroup section */
		D8A8FFCE28B49430006B6C20 = {
			isa = PBXGroup;
			children = (
				D8A8FFD928B49430006B6C20 /* hopethisworks */,
				D8A8FFD828B49430006B6C20 /* Products */,
			);
			sourceTree = "<group>";
		};
		D8A8FFD828B49430006B6C20 /* Products */ = {
			isa = PBXGroup;
			children = (
				D8A8FFD728B49430006B6C20 /* hopethisworks */,
			);
			name = Products;
			sourceTree = "<group>";
		};
		D8A8FFD928B49430006B6C20 /* hopethisworks */ = {
			isa = PBXGroup;
			children = (
				D8A8FFE828B495EB006B6C20 /* roster.cpp */,
				D8A8FFE628B495EB006B6C20 /* student.cpp */,
				D8A8FFE728B495EB006B6C20 /* student.h */,
				D8A8FFE528B495A6006B6C20 /* roster.h */,
				D8A8FFE428B49588006B6C20 /* degree.h */,
				D8A8FFDA28B49430006B6C20 /* main.cpp */,
			);
			path = hopethisworks;
			sourceTree = "<group>";
		};
/* End PBXGroup section */

/* Begin PBXNativeTarget section */
		D8A8FFD628B49430006B6C20 /* hopethisworks */ = {
			isa = PBXNativeTarget;
			buildConfigurationList = D8A8FFDE28B49430006B6C20 /* Build configuration list for PBXNativeTarget "hopethisworks" */;
			buildPhases = (
				D8A8FFD328B49430006B6C20 /* Sources */,
				D8A8FFD428B49430006B6C20 /* Frameworks */,
				D8A8FFD528B49430006B6C20 /* CopyFiles */,
			);
			buildRules = (
			);
			dependencies = (
			);
			name = hopethisworks;
			productName = hopethisworks;
			productReference = D8A8FFD728B49430006B6C20 /* hopethisworks */;
			productType = "com.apple.product-type.tool";
		};
/* End PBXNativeTarget section */

/* Begin PBXProject section */
		D8A8FFCF28B49430006B6C20 /* Project object */ = {
			isa = PBXProject;
			attributes = {
				BuildIndependentTargetsInParallel = 1;
				LastUpgradeCheck = 1340;
				TargetAttributes = {
					D8A8FFD628B49430006B6C20 = {
						CreatedOnToolsVersion = 13.4.1;
					};
				};
			};
			buildConfigurationList = D8A8FFD228B49430006B6C20 /* Build configuration list for PBXProject "hopethisworks" */;
			compatibilityVersion = "Xcode 13.0";
			developmentRegion = en;
			hasScannedForEncodings = 0;
			knownRegions = (
				en,
				Base,
			);
			mainGroup = D8A8FFCE28B49430006B6C20;
			productRefGroup = D8A8FFD828B49430006B6C20 /* Products */;
			projectDirPath = "";
			projectRoot = "";
			targets = (
				D8A8FFD628B49430006B6C20 /* hopethisworks */,
			);
		};
/* End PBXProject section */

/* Begin PBXSourcesBuildPhase section */
		D8A8FFD328B49430006B6C20 /* Sources */ = {
			isa = PBXSourcesBuildPhase;
			buildActionMask = 2147483647;
			files = (
				D8A8FFE928B495EB006B6C20 /* student.cpp in Sources */,
				D8A8FFEA28B495EB006B6C20 /* roster.cpp in Sources */,
				D8A8FFDB28B49430006B6C20 /* main.cpp in Sources */,
			);
			runOnlyForDeploymentPostprocessing = 0;
		};
/* End PBXSourcesBuildPhase section */

/* Begin XCBuildConfiguration section */
		D8A8FFDC28B49430006B6C20 /* Debug */ = {
			isa = XCBuildConfiguration;
			buildSettings = {
				ALWAYS_SEARCH_USER_PATHS = NO;
				CLANG_ANALYZER_NONNULL = YES;
				CLANG_ANALYZER_NUMBER_OBJECT_CONVERSION = YES_AGGRESSIVE;
				CLANG_CXX_LANGUAGE_STANDARD = "gnu++17";
				CLANG_ENABLE_MODULES = YES;
				CLANG_ENABLE_OBJC_ARC = YES;
				CLANG_ENABLE_OBJC_WEAK = YES;
				CLANG_WARN_BLOCK_CAPTURE_AUTORELEASING = YES;
				CLANG_WARN_BOOL_CONVERSION = YES;
				CLANG_WARN_COMMA = YES;
				CLANG_WARN_CONSTANT_CONVERSION = YES;
				CLANG_WARN_DEPRECATED_OBJC_IMPLEMENTATIONS = YES;
				CLANG_WARN_DIRECT_OBJC_ISA_USAGE = YES_ERROR;
				CLANG_WARN_DOCUMENTATION_COMMENTS = YES;
				CLANG_WARN_EMPTY_BODY = YES;
				CLANG_WARN_ENUM_CONVERSION = YES;
				CLANG_WARN_INFINITE_RECURSION = YES;
				CLANG_WARN_INT_CONVERSION = YES;
				CLANG_WARN_NON_LITERAL_NULL_CONVERSION = YES;
				CLANG_WARN_OBJC_IMPLICIT_RETAIN_SELF = YES;
				CLANG_WARN_OBJC_LITERAL_CONVERSION = YES;
				CLANG_WARN_OBJC_ROOT_CLASS = YES_ERROR;
				CLANG_WARN_QUOTED_INCLUDE_IN_FRAMEWORK_HEADER = YES;
				CLANG_WARN_RANGE_LOOP_ANALYSIS = YES;
				CLANG_WARN_STRICT_PROTOTYPES = YES;
				CLANG_WARN_SUSPICIOUS_MOVE = YES;
				CLANG_WARN_UNGUARDED_AVAILABILITY = YES_AGGRESSIVE;
				CLANG_WARN_UNREACHABLE_CODE = YES;
				CLANG_WARN__DUPLICATE_METHOD_MATCH = YES;
				COPY_PHASE_STRIP = NO;
				DEBUG_INFORMATION_FORMAT = dwarf;
				ENABLE_STRICT_OBJC_MSGSEND = YES;
				ENABLE_TESTABILITY = YES;
				GCC_C_LANGUAGE_STANDARD = gnu11;
				GCC_DYNAMIC_NO_PIC = NO;
				GCC_NO_COMMON_BLOCKS = YES;
				GCC_OPTIMIZATION_LEVEL = 0;
				GCC_PREPROCESSOR_DEFINITIONS = (
					"DEBUG=1",
					"$(inherited)",
				);
				GCC_WARN_64_TO_32_BIT_CONVERSION = YES;
				GCC_WARN_ABOUT_RETURN_TYPE = YES_ERROR;
				GCC_WARN_UNDECLARED_SELECTOR = YES;
				GCC_WARN_UNINITIALIZED_AUTOS = YES_AGGRESSIVE;
				GCC_WARN_UNUSED_FUNCTION = YES;
				GCC_WARN_UNUSED_VARIABLE = YES;
				MACOSX_DEPLOYMENT_TARGET = 12.3;
				MTL_ENABLE_DEBUG_INFO = INCLUDE_SOURCE;
				MTL_FAST_MATH = YES;
				ONLY_ACTIVE_ARCH = YES;
				SDKROOT = macosx;
			};
			name = Debug;
		};
		D8A8FFDD28B49430006B6C20 /* Release */ = {
			isa = XCBuildConfiguration;
			buildSettings = {
				ALWAYS_SEARCH_USER_PATHS = NO;
				CLANG_ANALYZER_NONNULL = YES;
				CLANG_ANALYZER_NUMBER_OBJECT_CONVERSION = YES_AGGRESSIVE;
				CLANG_CXX_LANGUAGE_STANDARD = "gnu++17";
				CLANG_ENABLE_MODULES = YES;
				CLANG_ENABLE_OBJC_ARC = YES;
				CLANG_ENABLE_OBJC_WEAK = YES;
				CLANG_WARN_BLOCK_CAPTURE_AUTORELEASING = YES;
				CLANG_WARN_BOOL_CONVERSION = YES;
				CLANG_WARN_COMMA = YES;
				CLANG_WARN_CONSTANT_CONVERSION = YES;
				CLANG_WARN_DEPRECATED_OBJC_IMPLEMENTATIONS = YES;
				CLANG_WARN_DIRECT_OBJC_ISA_USAGE = YES_ERROR;
				CLANG_WARN_DOCUMENTATION_COMMENTS = YES;
				CLANG_WARN_EMPTY_BODY = YES;
				CLANG_WARN_ENUM_CONVERSION = YES;
				CLANG_WARN_INFINITE_RECURSION = YES;
				CLANG_WARN_INT_CONVERSION = YES;
				CLANG_WARN_NON_LITERAL_NULL_CONVERSION = YES;
				CLANG_WARN_OBJC_IMPLICIT_RETAIN_SELF = YES;
				CLANG_WARN_OBJC_LITERAL_CONVERSION = YES;
				CLANG_WARN_OBJC_ROOT_CLASS = YES_ERROR;
				CLANG_WARN_QUOTED_INCLUDE_IN_FRAMEWORK_HEADER = YES;
				CLANG_WARN_RANGE_LOOP_ANALYSIS = YES;
				CLANG_WARN_STRICT_PROTOTYPES = YES;
				CLANG_WARN_SUSPICIOUS_MOVE = YES;
				CLANG_WARN_UNGUARDED_AVAILABILITY = YES_AGGRESSIVE;
				CLANG_WARN_UNREACHABLE_CODE = YES;
				CLANG_WARN__DUPLICATE_METHOD_MATCH = YES;
				COPY_PHASE_STRIP = NO;
				DEBUG_INFORMATION_FORMAT = "dwarf-with-dsym";
				ENABLE_NS_ASSERTIONS = NO;
				ENABLE_STRICT_OBJC_MSGSEND = YES;
				GCC_C_LANGUAGE_STANDARD = gnu11;
				GCC_NO_COMMON_BLOCKS = YES;
				GCC_WARN_64_TO_32_BIT_CONVERSION = YES;
				GCC_WARN_ABOUT_RETURN_TYPE = YES_ERROR;
				GCC_WARN_UNDECLARED_SELECTOR = YES;
				GCC_WARN_UNINITIALIZED_AUTOS = YES_AGGRESSIVE;
				GCC_WARN_UNUSED_FUNCTION = YES;
				GCC_WARN_UNUSED_VARIABLE = YES;
				MACOSX_DEPLOYMENT_TARGET = 12.3;
				MTL_ENABLE_DEBUG_INFO = NO;
				MTL_FAST_MATH = YES;
				SDKROOT = macosx;
			};
			name = Release;
		};
		D8A8FFDF28B49430006B6C20 /* Debug */ = {
			isa = XCBuildConfiguration;
			buildSettings = {
				CODE_SIGN_STYLE = Automatic;
				PRODUCT_NAME = "$(TARGET_NAME)";
			};
			name = Debug;
		};
		D8A8FFE028B49430006B6C20 /* Release */ = {
			isa = XCBuildConfiguration;
			buildSettings = {
				CODE_SIGN_STYLE = Automatic;
				PRODUCT_NAME = "$(TARGET_NAME)";
			};
			name = Release;
		};
/* End XCBuildConfiguration section */

/* Begin XCConfigurationList section */
		D8A8FFD228B49430006B6C20 /* Build configuration list for PBXProject "hopethisworks" */ = {
			isa = XCConfigurationList;
			buildConfigurations = (
				D8A8FFDC28B49430006B6C20 /* Debug */,
				D8A8FFDD28B49430006B6C20 /* Release */,
			);
			defaultConfigurationIsVisible = 0;
			defaultConfigurationName = Release;
		};
		D8A8FFDE28B49430006B6C20 /* Build configuration list for PBXNativeTarget "hopethisworks" */ = {
			isa = XCConfigurationList;
			buildConfigurations = (
				D8A8FFDF28B49430006B6C20 /* Debug */,
				D8A8FFE028B49430006B6C20 /* Release */,
			);
			defaultConfigurationIsVisible = 0;
			defaultConfigurationName = Release;
		};
/* End XCConfigurationList section */
	};
	rootObject = D8A8FFCF28B49430006B6C20 /* Project object */;
}
